// !$*UTF8*$!
{
	archiveVersion = 1;
	classes = {
	};
	objectVersion = 50;
	objects = {

/* Begin PBXBuildFile section */
		F86959F221BA7ED900D8CFCC /* AppDelegate.swift in Sources */ = {isa = PBXBuildFile; fileRef = F86959F121BA7ED900D8CFCC /* AppDelegate.swift */; };
		F86959F421BA7ED900D8CFCC /* ViewController.swift in Sources */ = {isa = PBXBuildFile; fileRef = F86959F321BA7ED900D8CFCC /* ViewController.swift */; };
		F86959F721BA7ED900D8CFCC /* Main.storyboard in Resources */ = {isa = PBXBuildFile; fileRef = F86959F521BA7ED900D8CFCC /* Main.storyboard */; };
		F86959F921BA7EDC00D8CFCC /* Assets.xcassets in Resources */ = {isa = PBXBuildFile; fileRef = F86959F821BA7EDC00D8CFCC /* Assets.xcassets */; };
		F86959FC21BA7EDC00D8CFCC /* LaunchScreen.storyboard in Resources */ = {isa = PBXBuildFile; fileRef = F86959FA21BA7EDC00D8CFCC /* LaunchScreen.storyboard */; };
		F8695A0421BA869000D8CFCC /* Set.swift in Sources */ = {isa = PBXBuildFile; fileRef = F8695A0321BA869000D8CFCC /* Set.swift */; };
		F8695A0621BA8C5E00D8CFCC /* Deck.swift in Sources */ = {isa = PBXBuildFile; fileRef = F8695A0521BA8C5E00D8CFCC /* Deck.swift */; };
		F88AD9B621C26B9B00088195 /* Game.swift in Sources */ = {isa = PBXBuildFile; fileRef = F88AD9B521C26B9B00088195 /* Game.swift */; };
/* End PBXBuildFile section */

/* Begin PBXFileReference section */
		F86959EE21BA7ED900D8CFCC /* SetGame.app */ = {isa = PBXFileReference; explicitFileType = wrapper.application; includeInIndex = 0; path = SetGame.app; sourceTree = BUILT_PRODUCTS_DIR; };
		F86959F121BA7ED900D8CFCC /* AppDelegate.swift */ = {isa = PBXFileReference; lastKnownFileType = sourcecode.swift; path = AppDelegate.swift; sourceTree = "<group>"; };
		F86959F321BA7ED900D8CFCC /* ViewController.swift */ = {isa = PBXFileReference; lastKnownFileType = sourcecode.swift; path = ViewController.swift; sourceTree = "<group>"; };
		F86959F621BA7ED900D8CFCC /* Base */ = {isa = PBXFileReference; lastKnownFileType = file.storyboard; name = Base; path = Base.lproj/Main.storyboard; sourceTree = "<group>"; };
		F86959F821BA7EDC00D8CFCC /* Assets.xcassets */ = {isa = PBXFileReference; lastKnownFileType = folder.assetcatalog; path = Assets.xcassets; sourceTree = "<group>"; };
		F86959FB21BA7EDC00D8CFCC /* Base */ = {isa = PBXFileReference; lastKnownFileType = file.storyboard; name = Base; path = Base.lproj/LaunchScreen.storyboard; sourceTree = "<group>"; };
		F86959FD21BA7EDC00D8CFCC /* Info.plist */ = {isa = PBXFileReference; lastKnownFileType = text.plist.xml; path = Info.plist; sourceTree = "<group>"; };
		F8695A0321BA869000D8CFCC /* Set.swift */ = {isa = PBXFileReference; lastKnownFileType = sourcecode.swift; path = Set.swift; sourceTree = "<group>"; };
		F8695A0521BA8C5E00D8CFCC /* Deck.swift */ = {isa = PBXFileReference; lastKnownFileType = sourcecode.swift; path = Deck.swift; sourceTree = "<group>"; };
		F88AD9B521C26B9B00088195 /* Game.swift */ = {isa = PBXFileReference; lastKnownFileType = sourcecode.swift; path = Game.swift; sourceTree = "<group>"; };
/* End PBXFileReference section */

/* Begin PBXFrameworksBuildPhase section */
		F86959EB21BA7ED900D8CFCC /* Frameworks */ = {
			isa = PBXFrameworksBuildPhase;
			buildActionMask = 2147483647;
			files = (
			);
			runOnlyForDeploymentPostprocessing = 0;
		};
/* End PBXFrameworksBuildPhase section */

/* Begin PBXGroup section */
		F86959E521BA7ED900D8CFCC = {
			isa = PBXGroup;
			children = (
				F86959F021BA7ED900D8CFCC /* SetGame */,
				F86959EF21BA7ED900D8CFCC /* Products */,
			);
			sourceTree = "<group>";
		};
		F86959EF21BA7ED900D8CFCC /* Products */ = {
			isa = PBXGroup;
			children = (
				F86959EE21BA7ED900D8CFCC /* SetGame.app */,
			);
			name = Products;
			sourceTree = "<group>";
		};
		F86959F021BA7ED900D8CFCC /* SetGame */ = {
			isa = PBXGroup;
			children = (
				F88AD9B521C26B9B00088195 /* Game.swift */,
				F8695A0321BA869000D8CFCC /* Set.swift */,
				F8695A0521BA8C5E00D8CFCC /* Deck.swift */,
				F86959F121BA7ED900D8CFCC /* AppDelegate.swift */,
				F86959F321BA7ED900D8CFCC /* ViewController.swift */,
				F86959F521BA7ED900D8CFCC /* Main.storyboard */,
				F86959F821BA7EDC00D8CFCC /* Assets.xcassets */,
				F86959FA21BA7EDC00D8CFCC /* LaunchScreen.storyboard */,
				F86959FD21BA7EDC00D8CFCC /* Info.plist */,
			);
			path = SetGame;
			sourceTree = "<group>";
		};
/* End PBXGroup section */

/* Begin PBXNativeTarget section */
		F86959ED21BA7ED900D8CFCC /* SetGame */ = {
			isa = PBXNativeTarget;
			buildConfigurationList = F8695A0021BA7EDC00D8CFCC /* Build configuration list for PBXNativeTarget "SetGame" */;
			buildPhases = (
				F86959EA21BA7ED900D8CFCC /* Sources */,
				F86959EB21BA7ED900D8CFCC /* Frameworks */,
				F86959EC21BA7ED900D8CFCC /* Resources */,
			);
			buildRules = (
			);
			dependencies = (
			);
			name = SetGame;
			productName = SetGame;
			productReference = F86959EE21BA7ED900D8CFCC /* SetGame.app */;
			productType = "com.apple.product-type.application";
		};
/* End PBXNativeTarget section */

/* Begin PBXProject section */
		F86959E621BA7ED900D8CFCC /* Project object */ = {
			isa = PBXProject;
			attributes = {
				LastSwiftUpdateCheck = 1010;
				LastUpgradeCheck = 1010;
				ORGANIZATIONNAME = "Максим Лихачев";
				TargetAttributes = {
					F86959ED21BA7ED900D8CFCC = {
						CreatedOnToolsVersion = 10.1;
					};
				};
			};
			buildConfigurationList = F86959E921BA7ED900D8CFCC /* Build configuration list for PBXProject "SetGame" */;
			compatibilityVersion = "Xcode 9.3";
			developmentRegion = en;
			hasScannedForEncodings = 0;
			knownRegions = (
				en,
				Base,
			);
			mainGroup = F86959E521BA7ED900D8CFCC;
			productRefGroup = F86959EF21BA7ED900D8CFCC /* Products */;
			projectDirPath = "";
			projectRoot = "";
			targets = (
				F86959ED21BA7ED900D8CFCC /* SetGame */,
			);
		};
/* End PBXProject section */

/* Begin PBXResourcesBuildPhase section */
		F86959EC21BA7ED900D8CFCC /* Resources */ = {
			isa = PBXResourcesBuildPhase;
			buildActionMask = 2147483647;
			files = (
				F86959FC21BA7EDC00D8CFCC /* LaunchScreen.storyboard in Resources */,
				F86959F921BA7EDC00D8CFCC /* Assets.xcassets in Resources */,
				F86959F721BA7ED900D8CFCC /* Main.storyboard in Resources */,
			);
			runOnlyForDeploymentPostprocessing = 0;
		};
/* End PBXResourcesBuildPhase section */

/* Begin PBXSourcesBuildPhase section */
		F86959EA21BA7ED900D8CFCC /* Sources */ = {
			isa = PBXSourcesBuildPhase;
			buildActionMask = 2147483647;
			files = (
				F8695A0621BA8C5E00D8CFCC /* Deck.swift in Sources */,
				F88AD9B621C26B9B00088195 /* Game.swift in Sources */,
				F86959F421BA7ED900D8CFCC /* ViewController.swift in Sources */,
				F86959F221BA7ED900D8CFCC /* AppDelegate.swift in Sources */,
				F8695A0421BA869000D8CFCC /* Set.swift in Sources */,
			);
			runOnlyForDeploymentPostprocessing = 0;
		};
/* End PBXSourcesBuildPhase section */

/* Begin PBXVariantGroup section */
		F86959F521BA7ED900D8CFCC /* Main.storyboard */ = {
			isa = PBXVariantGroup;
			children = (
				F86959F621BA7ED900D8CFCC /* Base */,
			);
			name = Main.storyboard;
			sourceTree = "<group>";
		};
		F86959FA21BA7EDC00D8CFCC /* LaunchScreen.storyboard */ = {
			isa = PBXVariantGroup;
			children = (
				F86959FB21BA7EDC00D8CFCC /* Base */,
			);
			name = LaunchScreen.storyboard;
			sourceTree = "<group>";
		};
/* End PBXVariantGroup section */

/* Begin XCBuildConfiguration section */
		F86959FE21BA7EDC00D8CFCC /* Debug */ = {
			isa = XCBuildConfiguration;
			buildSettings = {
				ALWAYS_SEARCH_USER_PATHS = NO;
				CLANG_ANALYZER_NONNULL = YES;
				CLANG_ANALYZER_NUMBER_OBJECT_CONVERSION = YES_AGGRESSIVE;
				CLANG_CXX_LANGUAGE_STANDARD = "gnu++14";
				CLANG_CXX_LIBRARY = "libc++";
				CLANG_ENABLE_MODULES = YES;
				CLANG_ENABLE_OBJC_ARC = YES;
				CLANG_ENABLE_OBJC_WEAK = YES;
				CLANG_WARN_BLOCK_CAPTURE_AUTORELEASING = YES;
				CLANG_WARN_BOOL_CONVERSION = YES;
				CLANG_WARN_COMMA = YES;
				CLANG_WARN_CONSTANT_CONVERSION = YES;
				CLANG_WARN_DEPRECATED_OBJC_IMPLEMENTATIONS = YES;
				CLANG_WARN_DIRECT_OBJC_ISA_USAGE = YES_ERROR;
				CLANG_WARN_DOCUMENTATION_COMMENTS = YES;
				CLANG_WARN_EMPTY_BODY = YES;
				CLANG_WARN_ENUM_CONVERSION = YES;
				CLANG_WARN_INFINITE_RECURSION = YES;
				CLANG_WARN_INT_CONVERSION = YES;
				CLANG_WARN_NON_LITERAL_NULL_CONVERSION = YES;
				CLANG_WARN_OBJC_IMPLICIT_RETAIN_SELF = YES;
				CLANG_WARN_OBJC_LITERAL_CONVERSION = YES;
				CLANG_WARN_OBJC_ROOT_CLASS = YES_ERROR;
				CLANG_WARN_RANGE_LOOP_ANALYSIS = YES;
				CLANG_WARN_STRICT_PROTOTYPES = YES;
				CLANG_WARN_SUSPICIOUS_MOVE = YES;
				CLANG_WARN_UNGUARDED_AVAILABILITY = YES_AGGRESSIVE;
				CLANG_WARN_UNREACHABLE_CODE = YES;
				CLANG_WARN__DUPLICATE_METHOD_MATCH = YES;
				CODE_SIGN_IDENTITY = "iPhone Developer";
				COPY_PHASE_STRIP = NO;
				DEBUG_INFORMATION_FORMAT = dwarf;
				ENABLE_STRICT_OBJC_MSGSEND = YES;
				ENABLE_TESTABILITY = YES;
				GCC_C_LANGUAGE_STANDARD = gnu11;
				GCC_DYNAMIC_NO_PIC = NO;
				GCC_NO_COMMON_BLOCKS = YES;
				GCC_OPTIMIZATION_LEVEL = 0;
				GCC_PREPROCESSOR_DEFINITIONS = (
					"DEBUG=1",
					"$(inherited)",
				);
				GCC_WARN_64_TO_32_BIT_CONVERSION = YES;
				GCC_WARN_ABOUT_RETURN_TYPE = YES_ERROR;
				GCC_WARN_UNDECLARED_SELECTOR = YES;
				GCC_WARN_UNINITIALIZED_AUTOS = YES_AGGRESSIVE;
				GCC_WARN_UNUSED_FUNCTION = YES;
				GCC_WARN_UNUSED_VARIABLE = YES;
				IPHONEOS_DEPLOYMENT_TARGET = 12.1;
				MTL_ENABLE_DEBUG_INFO = INCLUDE_SOURCE;
				MTL_FAST_MATH = YES;
				ONLY_ACTIVE_ARCH = YES;
				SDKROOT = iphoneos;
				SWIFT_ACTIVE_COMPILATION_CONDITIONS = DEBUG;
				SWIFT_OPTIMIZATION_LEVEL = "-Onone";
			};
			name = Debug;
		};
		F86959FF21BA7EDC00D8CFCC /* Release */ = {
			isa = XCBuildConfiguration;
			buildSettings = {
				ALWAYS_SEARCH_USER_PATHS = NO;
				CLANG_ANALYZER_NONNULL = YES;
				CLANG_ANALYZER_NUMBER_OBJECT_CONVERSION = YES_AGGRESSIVE;
				CLANG_CXX_LANGUAGE_STANDARD = "gnu++14";
				CLANG_CXX_LIBRARY = "libc++";
				CLANG_ENABLE_MODULES = YES;
				CLANG_ENABLE_OBJC_ARC = YES;
				CLANG_ENABLE_OBJC_WEAK = YES;
				CLANG_WARN_BLOCK_CAPTURE_AUTORELEASING = YES;
				CLANG_WARN_BOOL_CONVERSION = YES;
				CLANG_WARN_COMMA = YES;
				CLANG_WARN_CONSTANT_CONVERSION = YES;
				CLANG_WARN_DEPRECATED_OBJC_IMPLEMENTATIONS = YES;
				CLANG_WARN_DIRECT_OBJC_ISA_USAGE = YES_ERROR;
				CLANG_WARN_DOCUMENTATION_COMMENTS = YES;
				CLANG_WARN_EMPTY_BODY = YES;
				CLANG_WARN_ENUM_CONVERSION = YES;
				CLANG_WARN_INFINITE_RECURSION = YES;
				CLANG_WARN_INT_CONVERSION = YES;
				CLANG_WARN_NON_LITERAL_NULL_CONVERSION = YES;
				CLANG_WARN_OBJC_IMPLICIT_RETAIN_SELF = YES;
				CLANG_WARN_OBJC_LITERAL_CONVERSION = YES;
				CLANG_WARN_OBJC_ROOT_CLASS = YES_ERROR;
				CLANG_WARN_RANGE_LOOP_ANALYSIS = YES;
				CLANG_WARN_STRICT_PROTOTYPES = YES;
				CLANG_WARN_SUSPICIOUS_MOVE = YES;
				CLANG_WARN_UNGUARDED_AVAILABILITY = YES_AGGRESSIVE;
				CLANG_WARN_UNREACHABLE_CODE = YES;
				CLANG_WARN__DUPLICATE_METHOD_MATCH = YES;
				CODE_SIGN_IDENTITY = "iPhone Developer";
				COPY_PHASE_STRIP = NO;
				DEBUG_INFORMATION_FORMAT = "dwarf-with-dsym";
				ENABLE_NS_ASSERTIONS = NO;
				ENABLE_STRICT_OBJC_MSGSEND = YES;
				GCC_C_LANGUAGE_STANDARD = gnu11;
				GCC_NO_COMMON_BLOCKS = YES;
				GCC_WARN_64_TO_32_BIT_CONVERSION = YES;
				GCC_WARN_ABOUT_RETURN_TYPE = YES_ERROR;
				GCC_WARN_UNDECLARED_SELECTOR = YES;
				GCC_WARN_UNINITIALIZED_AUTOS = YES_AGGRESSIVE;
				GCC_WARN_UNUSED_FUNCTION = YES;
				GCC_WARN_UNUSED_VARIABLE = YES;
				IPHONEOS_DEPLOYMENT_TARGET = 12.1;
				MTL_ENABLE_DEBUG_INFO = NO;
				MTL_FAST_MATH = YES;
				SDKROOT = iphoneos;
				SWIFT_COMPILATION_MODE = wholemodule;
				SWIFT_OPTIMIZATION_LEVEL = "-O";
				VALIDATE_PRODUCT = YES;
			};
			name = Release;
		};
		F8695A0121BA7EDC00D8CFCC /* Debug */ = {
			isa = XCBuildConfiguration;
			buildSettings = {
				ASSETCATALOG_COMPILER_APPICON_NAME = AppIcon;
				CODE_SIGN_STYLE = Automatic;
				DEVELOPMENT_TEAM = 9T7YL5G849;
				INFOPLIST_FILE = SetGame/Info.plist;
				LD_RUNPATH_SEARCH_PATHS = (
					"$(inherited)",
					"@executable_path/Frameworks",
				);
				PRODUCT_BUNDLE_IDENTIFIER = fiit16.amm.vsu.SetGame;
				PRODUCT_NAME = "$(TARGET_NAME)";
				SWIFT_VERSION = 4.2;
				TARGETED_DEVICE_FAMILY = "1,2";
			};
			name = Debug;
		};
		F8695A0221BA7EDC00D8CFCC /* Release */ = {
			isa = XCBuildConfiguration;
			buildSettings = {
				ASSETCATALOG_COMPILER_APPICON_NAME = AppIcon;
				CODE_SIGN_STYLE = Automatic;
				DEVELOPMENT_TEAM = 9T7YL5G849;
				INFOPLIST_FILE = SetGame/Info.plist;
				LD_RUNPATH_SEARCH_PATHS = (
					"$(inherited)",
					"@executable_path/Frameworks",
				);
				PRODUCT_BUNDLE_IDENTIFIER = fiit16.amm.vsu.SetGame;
				PRODUCT_NAME = "$(TARGET_NAME)";
				SWIFT_VERSION = 4.2;
				TARGETED_DEVICE_FAMILY = "1,2";
			};
			name = Release;
		};
/* End XCBuildConfiguration section */

/* Begin XCConfigurationList section */
		F86959E921BA7ED900D8CFCC /* Build configuration list for PBXProject "SetGame" */ = {
			isa = XCConfigurationList;
			buildConfigurations = (
				F86959FE21BA7EDC00D8CFCC /* Debug */,
				F86959FF21BA7EDC00D8CFCC /* Release */,
			);
			defaultConfigurationIsVisible = 0;
			defaultConfigurationName = Release;
		};
		F8695A0021BA7EDC00D8CFCC /* Build configuration list for PBXNativeTarget "SetGame" */ = {
			isa = XCConfigurationList;
			buildConfigurations = (
				F8695A0121BA7EDC00D8CFCC /* Debug */,
				F8695A0221BA7EDC00D8CFCC /* Release */,
			);
			defaultConfigurationIsVisible = 0;
			defaultConfigurationName = Release;
		};
/* End XCConfigurationList section */
	};
	rootObject = F86959E621BA7ED900D8CFCC /* Project object */;
}
